
Microsoft Visual Studio Solution File, Format Version 12.00
# Visual Studio 15
VisualStudioVersion = 15.0.28307.489
MinimumVisualStudioVersion = 10.0.40219.1
Project("{FAE04EC0-301F-11D3-BF4B-00C04F79EFBC}") = "SimpleSocketServer", "ConsoleApp3\SimpleSocketServer.csproj", "{1D7EF10C-C618-4E78-B777-6A8632B30C54}"
EndProject
Global
	GlobalSection(SolutionConfigurationPlatforms) = preSolution
		Debug|Any CPU = Debug|Any CPU
		Release|Any CPU = Release|Any CPU
	EndGlobalSection
	GlobalSection(ProjectConfigurationPlatforms) = postSolution
		{1D7EF10C-C618-4E78-B777-6A8632B30C54}.Debug|Any CPU.ActiveCfg = Debug|Any CPU
		{1D7EF10C-C618-4E78-B777-6A8632B30C54}.Debug|Any CPU.Build.0 = Debug|Any CPU
		{1D7EF10C-C618-4E78-B777-6A8632B30C54}.Release|Any CPU.ActiveCfg = Release|Any CPU
		{1D7EF10C-C618-4E78-B777-6A8632B30C54}.Release|Any CPU.Build.0 = Release|Any CPU
	EndGlobalSection
	GlobalSection(SolutionProperties) = preSolution
		HideSolutionNode = FALSE
	EndGlobalSection
	GlobalSection(ExtensibilityGlobals) = postSolution
		SolutionGuid = {950D0268-0AC7-48D7-A7B8-BEF85BBE343B}
	EndGlobalSection
EndGlobal
